Microsoft Visual Studio Solution File, Format Version 12.00
# Visual Studio Version 17
VisualStudioVersion = 17.4.33205.214
MinimumVisualStudioVersion = 10.0.40219.1
Project("{9A19103F-16F7-4668-BE54-9A1E7A4F7556}") = "Kursovaja_Snezha", "Kursovaja_Snezha\Kursovaja_Snezha.csproj", "{0BA51FBD-5C41-4073-B7C1-A491E0BC330E}"
EndProject
Global
	GlobalSection(SolutionConfigurationPlatforms) = preSolution
		Debug|Any CPU = Debug|Any CPU
		Release|Any CPU = Release|Any CPU
	EndGlobalSection
	GlobalSection(ProjectConfigurationPlatforms) = postSolution
		{0BA51FBD-5C41-4073-B7C1-A491E0BC330E}.Debug|Any CPU.ActiveCfg = Debug|Any CPU
		{0BA51FBD-5C41-4073-B7C1-A491E0BC330E}.Debug|Any CPU.Build.0 = Debug|Any CPU
		{0BA51FBD-5C41-4073-B7C1-A491E0BC330E}.Release|Any CPU.ActiveCfg = Release|Any CPU
		{0BA51FBD-5C41-4073-B7C1-A491E0BC330E}.Release|Any CPU.Build.0 = Release|Any CPU
	EndGlobalSection
	GlobalSection(SolutionProperties) = preSolution
		HideSolutionNode = FALSE
	EndGlobalSection
	GlobalSection(ExtensibilityGlobals) = postSolution
		SolutionGuid = {0B5CBA25-66A2-47EB-AB25-168C5B8FBFC8}
	EndGlobalSection
EndGlobal
